{
  "name": "trpg-player",
  "version": "1.0.0",
  "lockfileVersion": 1,
  "requires": true,
  "dependencies": {
    "accepts": {
      "version": "https://registry.npmjs.org/accepts/-/accepts-1.3.3.tgz",
      "integrity": "sha1-w8p0NJOGSMPg2cHjKN1otiLChMo=",
      "dev": true,
      "requires": {
        "mime-types": "https://registry.npmjs.org/mime-types/-/mime-types-2.1.15.tgz",
        "negotiator": "https://registry.npmjs.org/negotiator/-/negotiator-0.6.1.tgz"
      }
    },
    "after": {
      "version": "https://registry.npmjs.org/after/-/after-0.8.2.tgz",
      "integrity": "sha1-/ts5T58OAqqXaOcCvaI7UF+ufh8=",
      "dev": true
    },
    "arraybuffer.slice": {
      "version": "https://registry.npmjs.org/arraybuffer.slice/-/arraybuffer.slice-0.0.6.tgz",
      "integrity": "sha1-8zshWfBTKj8xB6JywMz70a0peco=",
      "dev": true
    },
    "async": {
      "version": "https://registry.npmjs.org/async/-/async-2.5.0.tgz",
      "integrity": "sha1-hDGQ/WtzV6C54clW7d3V7IRitU0=",
      "dev": true,
      "requires": {
        "lodash": "https://registry.npmjs.org/lodash/-/lodash-4.17.4.tgz"
      }
    },
    "backo2": {
      "version": "https://registry.npmjs.org/backo2/-/backo2-1.0.2.tgz",
      "integrity": "sha1-MasayLEpNjRj41s+u2n038+6eUc=",
      "dev": true
    },
    "base64-arraybuffer": {
      "version": "https://registry.npmjs.org/base64-arraybuffer/-/base64-arraybuffer-0.1.5.tgz",
      "integrity": "sha1-c5JncZI7Whl0etZmqlzUv5xunOg=",
      "dev": true
    },
    "base64id": {
      "version": "https://registry.npmjs.org/base64id/-/base64id-1.0.0.tgz",
      "integrity": "sha1-R2iMuZu2gE8OBtPnY7HDLlfY5rY=",
      "dev": true
    },
    "better-assert": {
      "version": "https://registry.npmjs.org/better-assert/-/better-assert-1.0.2.tgz",
      "integrity": "sha1-QIZrnhueC1W0gYlDEeaPr/rrxSI=",
      "dev": true,
      "requires": {
        "callsite": "https://registry.npmjs.org/callsite/-/callsite-1.0.0.tgz"
      }
    },
    "blob": {
      "version": "https://registry.npmjs.org/blob/-/blob-0.0.4.tgz",
      "integrity": "sha1-vPEwUspURj8w+fx+lbmkdjCpSSE=",
      "dev": true
    },
    "bluebird": {
      "version": "3.5.1",
      "resolved": "https://registry.npmjs.org/bluebird/-/bluebird-3.5.1.tgz",
      "integrity": "sha512-MKiLiV+I1AA596t9w1sQJ8jkiSr5+ZKi0WKrYGUn6d1Fx+Ij4tIj+m2WMQSGczs5jZVxV339chE8iwk6F64wjA==",
      "dev": true
    },
    "build": {
      "version": "0.1.4",
      "resolved": "https://registry.npmjs.org/build/-/build-0.1.4.tgz",
      "integrity": "sha1-cH/gJv/O3crL/c3zVur9pk8VEEY=",
      "dev": true,
      "requires": {
        "cssmin": "0.3.2",
        "jsmin": "1.0.1",
        "jxLoader": "0.1.1",
        "moo-server": "1.3.0",
        "promised-io": "0.3.5",
        "timespan": "2.3.0",
        "uglify-js": "1.3.5",
        "walker": "1.0.7",
        "winston": "2.4.0",
        "wrench": "1.3.9"
      }
    },
    "callsite": {
      "version": "https://registry.npmjs.org/callsite/-/callsite-1.0.0.tgz",
      "integrity": "sha1-KAOY5dZkvXQDi28JBRU+borxvCA=",
      "dev": true
    },
    "colors": {
      "version": "1.0.3",
      "resolved": "https://registry.npmjs.org/colors/-/colors-1.0.3.tgz",
      "integrity": "sha1-BDP0TYCWgP3rYO0mDxsMJi6CpAs=",
      "dev": true
    },
    "component-bind": {
      "version": "https://registry.npmjs.org/component-bind/-/component-bind-1.0.0.tgz",
      "integrity": "sha1-AMYIq33Nk4l8AAllGx06jh5zu9E=",
      "dev": true
    },
    "component-emitter": {
      "version": "https://registry.npmjs.org/component-emitter/-/component-emitter-1.2.1.tgz",
      "integrity": "sha1-E3kY1teCg/ffemt8WmPhQOaUJeY=",
      "dev": true
    },
    "component-inherit": {
      "version": "https://registry.npmjs.org/component-inherit/-/component-inherit-0.0.3.tgz",
      "integrity": "sha1-ZF/ErfWLcrZJ1crmUTVhnbJv8UM=",
      "dev": true
    },
    "cookie": {
      "version": "https://registry.npmjs.org/cookie/-/cookie-0.3.1.tgz",
      "integrity": "sha1-5+Ch+e9DtMi6klxcWpboBtFoc7s=",
      "dev": true
    },
    "crypto": {
      "version": "https://registry.npmjs.org/crypto/-/crypto-0.0.3.tgz",
      "integrity": "sha1-RwqBuGvkxe4XrMggeh9TFa4g27A="
    },
    "cssmin": {
      "version": "0.3.2",
      "resolved": "https://registry.npmjs.org/cssmin/-/cssmin-0.3.2.tgz",
      "integrity": "sha1-3c5MVHtRCuDVlKjx+/iq+OLFwA0=",
      "dev": true
    },
    "cycle": {
      "version": "1.0.3",
      "resolved": "https://registry.npmjs.org/cycle/-/cycle-1.0.3.tgz",
      "integrity": "sha1-IegLK+hYD5i0aPN5QwZisEbDStI=",
      "dev": true
    },
    "debug": {
      "version": "https://registry.npmjs.org/debug/-/debug-2.6.8.tgz",
      "integrity": "sha1-5zFTHKLt4n0YgiJCfaF4IdaP9Pw=",
      "requires": {
        "ms": "https://registry.npmjs.org/ms/-/ms-2.0.0.tgz"
      }
    },
    "diff": {
      "version": "3.4.0",
      "resolved": "https://registry.npmjs.org/diff/-/diff-3.4.0.tgz",
      "integrity": "sha512-QpVuMTEoJMF7cKzi6bvWhRulU1fZqZnvyVQgNhPaxxuTYwyjn/j1v9falseQ/uXWwPnO56RBfwtg4h/EQXmucA==",
      "dev": true
    },
    "enforce": {
      "version": "https://registry.npmjs.org/enforce/-/enforce-0.1.7.tgz",
      "integrity": "sha1-r3zdP6mCsuyq4GrntcJZUX0ivj8=",
      "dev": true
    },
    "engine.io": {
      "version": "https://registry.npmjs.org/engine.io/-/engine.io-3.1.0.tgz",
      "integrity": "sha1-XKQ4486f28kVxKIcjdnhJmcG5X4=",
      "dev": true,
      "requires": {
        "accepts": "https://registry.npmjs.org/accepts/-/accepts-1.3.3.tgz",
        "base64id": "https://registry.npmjs.org/base64id/-/base64id-1.0.0.tgz",
        "cookie": "https://registry.npmjs.org/cookie/-/cookie-0.3.1.tgz",
        "debug": "https://registry.npmjs.org/debug/-/debug-2.6.8.tgz",
        "engine.io-parser": "https://registry.npmjs.org/engine.io-parser/-/engine.io-parser-2.1.1.tgz",
        "uws": "https://registry.npmjs.org/uws/-/uws-0.14.5.tgz",
        "ws": "https://registry.npmjs.org/ws/-/ws-2.3.1.tgz"
      }
    },
    "engine.io-client": {
      "version": "https://registry.npmjs.org/engine.io-client/-/engine.io-client-3.1.1.tgz",
      "integrity": "sha1-QVqYUrrbFPoAj6PvHjFgjbZ2EyU=",
      "dev": true,
      "requires": {
        "component-emitter": "https://registry.npmjs.org/component-emitter/-/component-emitter-1.2.1.tgz",
        "component-inherit": "https://registry.npmjs.org/component-inherit/-/component-inherit-0.0.3.tgz",
        "debug": "https://registry.npmjs.org/debug/-/debug-2.6.8.tgz",
        "engine.io-parser": "https://registry.npmjs.org/engine.io-parser/-/engine.io-parser-2.1.1.tgz",
        "has-cors": "https://registry.npmjs.org/has-cors/-/has-cors-1.1.0.tgz",
        "indexof": "https://registry.npmjs.org/indexof/-/indexof-0.0.1.tgz",
        "parsejson": "https://registry.npmjs.org/parsejson/-/parsejson-0.0.3.tgz",
        "parseqs": "https://registry.npmjs.org/parseqs/-/parseqs-0.0.5.tgz",
        "parseuri": "https://registry.npmjs.org/parseuri/-/parseuri-0.0.5.tgz",
        "ws": "https://registry.npmjs.org/ws/-/ws-2.3.1.tgz",
        "xmlhttprequest-ssl": "https://registry.npmjs.org/xmlhttprequest-ssl/-/xmlhttprequest-ssl-1.5.3.tgz",
        "yeast": "https://registry.npmjs.org/yeast/-/yeast-0.1.2.tgz"
      }
    },
    "engine.io-parser": {
      "version": "https://registry.npmjs.org/engine.io-parser/-/engine.io-parser-2.1.1.tgz",
      "integrity": "sha1-4Ps/DgRi9/WLt3waUun1p+JuRmg=",
      "dev": true,
      "requires": {
        "after": "https://registry.npmjs.org/after/-/after-0.8.2.tgz",
        "arraybuffer.slice": "https://registry.npmjs.org/arraybuffer.slice/-/arraybuffer.slice-0.0.6.tgz",
        "base64-arraybuffer": "https://registry.npmjs.org/base64-arraybuffer/-/base64-arraybuffer-0.1.5.tgz",
        "blob": "https://registry.npmjs.org/blob/-/blob-0.0.4.tgz",
        "has-binary2": "https://registry.npmjs.org/has-binary2/-/has-binary2-1.0.2.tgz"
      }
    },
    "eyes": {
      "version": "0.1.8",
      "resolved": "https://registry.npmjs.org/eyes/-/eyes-0.1.8.tgz",
      "integrity": "sha1-Ys8SAjTGg3hdkCNIqADvPgzCC8A=",
      "dev": true
    },
    "formatio": {
      "version": "1.2.0",
      "resolved": "https://registry.npmjs.org/formatio/-/formatio-1.2.0.tgz",
      "integrity": "sha1-87IWfZBoxGmKjVH092CjmlTYGOs=",
      "dev": true,
      "requires": {
        "samsam": "1.3.0"
      }
    },
    "has-binary2": {
      "version": "https://registry.npmjs.org/has-binary2/-/has-binary2-1.0.2.tgz",
      "integrity": "sha1-6D26SfC5vk0CbSc2U1DZ8D9Uvpg=",
      "dev": true,
      "requires": {
        "isarray": "https://registry.npmjs.org/isarray/-/isarray-2.0.1.tgz"
      }
    },
    "has-cors": {
      "version": "https://registry.npmjs.org/has-cors/-/has-cors-1.1.0.tgz",
      "integrity": "sha1-XkdHk/fqmEPRu5nCPu9J/xJv/zk=",
      "dev": true
    },
    "hat": {
      "version": "https://registry.npmjs.org/hat/-/hat-0.0.3.tgz",
      "integrity": "sha1-uwFKnmSzeIrtgAWRdBPU/z1QLYo=",
      "dev": true
    },
    "indexof": {
      "version": "https://registry.npmjs.org/indexof/-/indexof-0.0.1.tgz",
      "integrity": "sha1-gtwzbSMrkGIXnQWrMpOmYFn9Q10=",
      "dev": true
    },
    "isarray": {
      "version": "https://registry.npmjs.org/isarray/-/isarray-2.0.1.tgz",
      "integrity": "sha1-o32U7ZzaLVmGXJ92/llu4fM4dB4=",
      "dev": true
    },
    "isstream": {
      "version": "0.1.2",
      "resolved": "http://registry.npm.taobao.org/isstream/download/isstream-0.1.2.tgz",
      "integrity": "sha1-R+Y/evVa+m+S4VAOaQ64uFKcCZo=",
      "dev": true
    },
    "js-yaml": {
      "version": "0.3.7",
      "resolved": "https://registry.npmjs.org/js-yaml/-/js-yaml-0.3.7.tgz",
      "integrity": "sha1-1znY7oZGHlSzVNan19HyrZoWf2I=",
      "dev": true
    },
    "jsmin": {
      "version": "1.0.1",
      "resolved": "https://registry.npmjs.org/jsmin/-/jsmin-1.0.1.tgz",
      "integrity": "sha1-570NzWSWw79IYyNb9GGj2YqjuYw=",
      "dev": true
    },
    "just-extend": {
      "version": "1.1.22",
      "resolved": "https://registry.npmjs.org/just-extend/-/just-extend-1.1.22.tgz",
      "integrity": "sha1-MzCvdWyralQnAMZLLk5KoGLVL/8=",
      "dev": true
    },
    "jxLoader": {
      "version": "0.1.1",
      "resolved": "https://registry.npmjs.org/jxLoader/-/jxLoader-0.1.1.tgz",
      "integrity": "sha1-ATTqUUTlM7WU/B/yX/GU4jXFPs0=",
      "dev": true,
      "requires": {
        "js-yaml": "0.3.7",
        "moo-server": "1.3.0",
        "promised-io": "0.3.5",
        "walker": "1.0.7"
      }
    },
    "lodash": {
      "version": "https://registry.npmjs.org/lodash/-/lodash-4.17.4.tgz",
      "integrity": "sha1-eCA6TRwyiuHYbcpkYONptX9AVa4=",
      "dev": true
    },
    "lodash.get": {
      "version": "4.4.2",
      "resolved": "https://registry.npmjs.org/lodash.get/-/lodash.get-4.4.2.tgz",
      "integrity": "sha1-LRd/ZS+jHpObRDjVNBSZ36OCXpk=",
      "dev": true
    },
    "lolex": {
      "version": "2.1.3",
      "resolved": "https://registry.npmjs.org/lolex/-/lolex-2.1.3.tgz",
      "integrity": "sha512-BdHq78SeI+6PAUtl4atDuCt7L6E4fab3mSRtqxm4ywaXe4uP7jZ0TTcFNuU20syUjxZc2l7jFqKVMJ+AX0LnpQ==",
      "dev": true
    },
    "makeerror": {
      "version": "1.0.11",
      "resolved": "https://registry.npmjs.org/makeerror/-/makeerror-1.0.11.tgz",
      "integrity": "sha1-4BpckQnyr3lmDk6LlYd5AYT1qWw=",
      "dev": true,
      "requires": {
        "tmpl": "1.0.4"
      }
    },
    "merge-descriptors": {
      "version": "https://registry.npmjs.org/merge-descriptors/-/merge-descriptors-1.0.1.tgz",
      "integrity": "sha1-sAqqVW3YtEVoFQ7J0blT8/kMu2E=",
      "dev": true
    },
    "mime-db": {
      "version": "https://registry.npmjs.org/mime-db/-/mime-db-1.27.0.tgz",
      "integrity": "sha1-gg9XIpa70g7CXtVeW13oaeVDbrE=",
      "dev": true
    },
    "mime-types": {
      "version": "https://registry.npmjs.org/mime-types/-/mime-types-2.1.15.tgz",
      "integrity": "sha1-pOv1BkCUVpI3uM9wBGd20J/JKu0=",
      "dev": true,
      "requires": {
        "mime-db": "https://registry.npmjs.org/mime-db/-/mime-db-1.27.0.tgz"
      }
    },
    "moment": {
      "version": "2.18.1",
      "resolved": "https://registry.npmjs.org/moment/-/moment-2.18.1.tgz",
      "integrity": "sha1-w2GT3Tzhwu7SrbfIAtu8d6gbHA8="
    },
    "moo-server": {
      "version": "1.3.0",
      "resolved": "https://registry.npmjs.org/moo-server/-/moo-server-1.3.0.tgz",
      "integrity": "sha1-XceVaVZaENbv7VQ5SR5p0jkuWPE=",
      "dev": true
    },
    "ms": {
      "version": "https://registry.npmjs.org/ms/-/ms-2.0.0.tgz",
      "integrity": "sha1-VgiurfwAvmwpAd9fmGF4jeDVl8g="
    },
    "native-promise-only": {
      "version": "0.8.1",
      "resolved": "https://registry.npmjs.org/native-promise-only/-/native-promise-only-0.8.1.tgz",
      "integrity": "sha1-IKMYwwy0X3H+et+/eyHJnBRy7xE=",
      "dev": true
    },
    "negotiator": {
      "version": "https://registry.npmjs.org/negotiator/-/negotiator-0.6.1.tgz",
      "integrity": "sha1-KzJxhOiZIQEXeyhWP7XnECrNDKk=",
      "dev": true
    },
    "nise": {
      "version": "1.1.1",
      "resolved": "https://registry.npmjs.org/nise/-/nise-1.1.1.tgz",
      "integrity": "sha512-f5DMJB0MqBaSuP2NAwPx7HyVKPdaozds0KsNe9XIP3npKWt/QUg73l5TTLRTSwfG/Y3AB0ktacuxX4QNcg6vVw==",
      "dev": true,
      "requires": {
        "formatio": "1.2.0",
        "just-extend": "1.1.22",
        "lolex": "1.6.0",
        "path-to-regexp": "1.7.0",
        "text-encoding": "0.6.4"
      },
      "dependencies": {
        "lolex": {
          "version": "1.6.0",
          "resolved": "https://registry.npmjs.org/lolex/-/lolex-1.6.0.tgz",
          "integrity": "sha1-OpoCg0UqR9dDnnJzG54H1zhuSfY=",
          "dev": true
        }
      }
    },
    "object-assign": {
      "version": "https://registry.npmjs.org/object-assign/-/object-assign-4.1.1.tgz",
      "integrity": "sha1-IQmtx5ZYh8/AXLvUQsrIv7s2CGM=",
      "dev": true
    },
    "object-component": {
      "version": "https://registry.npmjs.org/object-component/-/object-component-0.0.3.tgz",
      "integrity": "sha1-8MaapQ78lbhmwYb0AKM3acsvEpE=",
      "dev": true
    },
    "parsejson": {
      "version": "https://registry.npmjs.org/parsejson/-/parsejson-0.0.3.tgz",
      "integrity": "sha1-q343WfIJ7OmUN5c/fQ8fZK4OZKs=",
      "dev": true,
      "requires": {
        "better-assert": "https://registry.npmjs.org/better-assert/-/better-assert-1.0.2.tgz"
      }
    },
    "parseqs": {
      "version": "https://registry.npmjs.org/parseqs/-/parseqs-0.0.5.tgz",
      "integrity": "sha1-1SCKNzjkZ2bikbouoXNoSSGouJ0=",
      "dev": true,
      "requires": {
        "better-assert": "https://registry.npmjs.org/better-assert/-/better-assert-1.0.2.tgz"
      }
    },
    "parseuri": {
      "version": "https://registry.npmjs.org/parseuri/-/parseuri-0.0.5.tgz",
      "integrity": "sha1-gCBKUNTbt3m/3G6+J3jZDkvOMgo=",
      "dev": true,
      "requires": {
        "better-assert": "https://registry.npmjs.org/better-assert/-/better-assert-1.0.2.tgz"
      }
    },
    "path-is-absolute": {
      "version": "https://registry.npmjs.org/path-is-absolute/-/path-is-absolute-1.0.1.tgz",
      "integrity": "sha1-F0uSaHNVNP+8es5r9TpanhtcX18=",
      "dev": true
    },
    "path-to-regexp": {
      "version": "1.7.0",
      "resolved": "https://registry.npmjs.org/path-to-regexp/-/path-to-regexp-1.7.0.tgz",
      "integrity": "sha1-Wf3g9DW62suhA6hOnTvGTpa5k30=",
      "dev": true,
      "requires": {
        "isarray": "0.0.1"
      },
      "dependencies": {
        "isarray": {
          "version": "0.0.1",
          "resolved": "https://registry.npmjs.org/isarray/-/isarray-0.0.1.tgz",
          "integrity": "sha1-ihis/Kmo9Bd+Cav8YDiTmwXR7t8=",
          "dev": true
        }
      }
    },
    "promised-io": {
      "version": "0.3.5",
      "resolved": "https://registry.npmjs.org/promised-io/-/promised-io-0.3.5.tgz",
      "integrity": "sha1-StIXuzZYvKrplGsXqGaOzYUeE1Y=",
      "dev": true
    },
    "safe-buffer": {
      "version": "https://registry.npmjs.org/safe-buffer/-/safe-buffer-5.0.1.tgz",
      "integrity": "sha1-0mPKVGls2KMGtcplUekt5XkY++c=",
      "dev": true
    },
    "samsam": {
      "version": "1.3.0",
      "resolved": "https://registry.npmjs.org/samsam/-/samsam-1.3.0.tgz",
      "integrity": "sha512-1HwIYD/8UlOtFS3QO3w7ey+SdSDFE4HRNLZoZRYVQefrOY3l17epswImeB1ijgJFQJodIaHcwkp3r/myBjFVbg==",
      "dev": true
    },
    "sinon": {
      "version": "3.3.0",
      "resolved": "https://registry.npmjs.org/sinon/-/sinon-3.3.0.tgz",
      "integrity": "sha512-/flfGfIxIRXSvZBHJzIf3iAyGYkmMQq6SQjA0cx9SOuVuq+4ZPPO4LJtH1Ce0Lznax1KSG1U6Dad85wIcSW19w==",
      "dev": true,
      "requires": {
        "build": "0.1.4",
        "diff": "3.4.0",
        "formatio": "1.2.0",
        "lodash.get": "4.4.2",
        "lolex": "2.1.3",
        "native-promise-only": "0.8.1",
        "nise": "1.1.1",
        "path-to-regexp": "1.7.0",
        "samsam": "1.3.0",
        "text-encoding": "0.6.4",
        "type-detect": "4.0.3"
      }
    },
    "socket.io": {
      "version": "https://registry.npmjs.org/socket.io/-/socket.io-2.0.3.tgz",
      "integrity": "sha1-Q1nwaiSTOua9CHeYr3jGgOrjReM=",
      "dev": true,
      "requires": {
        "debug": "https://registry.npmjs.org/debug/-/debug-2.6.8.tgz",
        "engine.io": "https://registry.npmjs.org/engine.io/-/engine.io-3.1.0.tgz",
        "object-assign": "https://registry.npmjs.org/object-assign/-/object-assign-4.1.1.tgz",
        "socket.io-adapter": "https://registry.npmjs.org/socket.io-adapter/-/socket.io-adapter-1.1.0.tgz",
        "socket.io-client": "https://registry.npmjs.org/socket.io-client/-/socket.io-client-2.0.3.tgz",
        "socket.io-parser": "https://registry.npmjs.org/socket.io-parser/-/socket.io-parser-3.1.2.tgz"
      }
    },
    "socket.io-adapter": {
      "version": "https://registry.npmjs.org/socket.io-adapter/-/socket.io-adapter-1.1.0.tgz",
      "integrity": "sha1-x6pGUB3VVsLLiiivj/lcC14dqkw=",
      "dev": true,
      "requires": {
        "debug": "https://registry.npmjs.org/debug/-/debug-2.3.3.tgz"
      },
      "dependencies": {
        "debug": {
          "version": "https://registry.npmjs.org/debug/-/debug-2.3.3.tgz",
          "integrity": "sha1-QMRT5n5uE8kB3ewxeviYbNqe/4w=",
          "dev": true,
          "requires": {
            "ms": "https://registry.npmjs.org/ms/-/ms-0.7.2.tgz"
          }
        },
        "ms": {
          "version": "https://registry.npmjs.org/ms/-/ms-0.7.2.tgz",
          "integrity": "sha1-riXPJRKziFodldfwN4aNhDESR2U=",
          "dev": true
        }
      }
    },
    "socket.io-client": {
      "version": "https://registry.npmjs.org/socket.io-client/-/socket.io-client-2.0.3.tgz",
      "integrity": "sha1-bK9K/5+FsZ/ZG2zhPWmttWT4hzs=",
      "dev": true,
      "requires": {
        "backo2": "https://registry.npmjs.org/backo2/-/backo2-1.0.2.tgz",
        "base64-arraybuffer": "https://registry.npmjs.org/base64-arraybuffer/-/base64-arraybuffer-0.1.5.tgz",
        "component-bind": "https://registry.npmjs.org/component-bind/-/component-bind-1.0.0.tgz",
        "component-emitter": "https://registry.npmjs.org/component-emitter/-/component-emitter-1.2.1.tgz",
        "debug": "https://registry.npmjs.org/debug/-/debug-2.6.8.tgz",
        "engine.io-client": "https://registry.npmjs.org/engine.io-client/-/engine.io-client-3.1.1.tgz",
        "has-cors": "https://registry.npmjs.org/has-cors/-/has-cors-1.1.0.tgz",
        "indexof": "https://registry.npmjs.org/indexof/-/indexof-0.0.1.tgz",
        "object-component": "https://registry.npmjs.org/object-component/-/object-component-0.0.3.tgz",
        "parseqs": "https://registry.npmjs.org/parseqs/-/parseqs-0.0.5.tgz",
        "parseuri": "https://registry.npmjs.org/parseuri/-/parseuri-0.0.5.tgz",
        "socket.io-parser": "https://registry.npmjs.org/socket.io-parser/-/socket.io-parser-3.1.2.tgz",
        "to-array": "https://registry.npmjs.org/to-array/-/to-array-0.1.4.tgz"
      }
    },
    "socket.io-parser": {
      "version": "https://registry.npmjs.org/socket.io-parser/-/socket.io-parser-3.1.2.tgz",
      "integrity": "sha1-28IoIVH8T6675Aru3Ady66YZ9/I=",
      "dev": true,
      "requires": {
        "component-emitter": "https://registry.npmjs.org/component-emitter/-/component-emitter-1.2.1.tgz",
        "debug": "https://registry.npmjs.org/debug/-/debug-2.6.8.tgz",
        "has-binary2": "https://registry.npmjs.org/has-binary2/-/has-binary2-1.0.2.tgz",
        "isarray": "https://registry.npmjs.org/isarray/-/isarray-2.0.1.tgz"
      }
    },
    "sql-ddl-sync": {
      "version": "https://registry.npmjs.org/sql-ddl-sync/-/sql-ddl-sync-0.3.13.tgz",
      "integrity": "sha1-E9xvxwn+mBvRzWILRnKk3sUz/MM=",
      "dev": true,
      "requires": {
        "lodash": "https://registry.npmjs.org/lodash/-/lodash-4.17.4.tgz"
      }
    },
    "sql-query": {
      "version": "https://registry.npmjs.org/sql-query/-/sql-query-0.1.26.tgz",
      "integrity": "sha1-yNNYvl2xxJzCBVVYuj32TlpIxEE=",
      "dev": true
    },
    "stack-trace": {
      "version": "0.0.10",
      "resolved": "https://registry.npmjs.org/stack-trace/-/stack-trace-0.0.10.tgz",
      "integrity": "sha1-VHxws0fo0ytOEI6hoqFZ5f3eGcA=",
      "dev": true
    },
    "text-encoding": {
      "version": "0.6.4",
      "resolved": "https://registry.npmjs.org/text-encoding/-/text-encoding-0.6.4.tgz",
      "integrity": "sha1-45mpgiV6J22uQou5KEXLcb3CbRk=",
      "dev": true
    },
    "timespan": {
      "version": "2.3.0",
      "resolved": "https://registry.npmjs.org/timespan/-/timespan-2.3.0.tgz",
      "integrity": "sha1-SQLOBAvRPYRcj1myfp1ZutbzmSk=",
      "dev": true
    },
    "tmpl": {
      "version": "1.0.4",
      "resolved": "https://registry.npmjs.org/tmpl/-/tmpl-1.0.4.tgz",
      "integrity": "sha1-I2QN17QtAEM5ERQIIOXPRA5SHdE=",
      "dev": true
    },
    "to-array": {
      "version": "https://registry.npmjs.org/to-array/-/to-array-0.1.4.tgz",
      "integrity": "sha1-F+bBH3PdTz10zaek/zI46a2b+JA=",
      "dev": true
    },
    "trpg-core": {
      "version": "github:trpgengine/Core#70edf98f9d8c3ed2cf6bf6b1e6386ec548c2ef07",
      "dev": true,
      "requires": {
        "debug": "https://registry.npmjs.org/debug/-/debug-2.6.8.tgz",
        "merge-descriptors": "https://registry.npmjs.org/merge-descriptors/-/merge-descriptors-1.0.1.tgz",
        "orm": "4.0.1",
        "socket.io": "https://registry.npmjs.org/socket.io/-/socket.io-2.0.3.tgz",
        "sqlite3": "3.1.13"
      },
      "dependencies": {
        "nan": {
          "version": "2.7.0",
          "resolved": "https://registry.npmjs.org/nan/-/nan-2.7.0.tgz",
          "integrity": "sha1-2Vv3IeyHfgjbJ27T/G63j5CDrUY=",
          "dev": true
        },
        "orm": {
          "version": "4.0.1",
          "resolved": "https://registry.npmjs.org/orm/-/orm-4.0.1.tgz",
          "integrity": "sha1-wO5PwZV7PAyB4sb+G+OHQgXYvEA=",
          "dev": true,
          "requires": {
            "async": "https://registry.npmjs.org/async/-/async-2.5.0.tgz",
            "bluebird": "3.5.1",
            "enforce": "https://registry.npmjs.org/enforce/-/enforce-0.1.7.tgz",
            "hat": "https://registry.npmjs.org/hat/-/hat-0.0.3.tgz",
            "lodash": "https://registry.npmjs.org/lodash/-/lodash-4.17.4.tgz",
            "path-is-absolute": "https://registry.npmjs.org/path-is-absolute/-/path-is-absolute-1.0.1.tgz",
            "sinon": "3.3.0",
            "sql-ddl-sync": "https://registry.npmjs.org/sql-ddl-sync/-/sql-ddl-sync-0.3.13.tgz",
            "sql-query": "https://registry.npmjs.org/sql-query/-/sql-query-0.1.26.tgz"
          }
        },
        "sqlite3": {
          "version": "3.1.13",
          "resolved": "https://registry.npmjs.org/sqlite3/-/sqlite3-3.1.13.tgz",
          "integrity": "sha512-JxXKPJnkZ6NuHRojq+g2WXWBt3M1G9sjZaYiHEWSTGijDM3cwju/0T2XbWqMXFmPqDgw+iB7zKQvnns4bvzXlw==",
          "dev": true,
          "requires": {
            "nan": "2.7.0",
            "node-pre-gyp": "0.6.38"
          },
          "dependencies": {
            "abbrev": {
              "version": "1.1.1",
              "bundled": true,
              "dev": true
            },
            "ajv": {
              "version": "4.11.8",
              "bundled": true,
              "dev": true,
              "requires": {
                "co": "4.6.0",
                "json-stable-stringify": "1.0.1"
              }
            },
            "ansi-regex": {
              "version": "2.1.1",
              "bundled": true,
              "dev": true
            },
            "aproba": {
              "version": "1.2.0",
              "bundled": true,
              "dev": true
            },
            "are-we-there-yet": {
              "version": "1.1.4",
              "bundled": true,
              "dev": true,
              "requires": {
                "delegates": "1.0.0",
                "readable-stream": "2.3.3"
              }
            },
            "asn1": {
              "version": "0.2.3",
              "bundled": true,
              "dev": true
            },
            "assert-plus": {
              "version": "0.2.0",
              "bundled": true,
              "dev": true
            },
            "asynckit": {
              "version": "0.4.0",
              "bundled": true,
              "dev": true
            },
            "aws-sign2": {
              "version": "0.6.0",
              "bundled": true,
              "dev": true
            },
            "aws4": {
              "version": "1.6.0",
              "bundled": true,
              "dev": true
            },
            "balanced-match": {
              "version": "1.0.0",
              "bundled": true,
              "dev": true
            },
            "bcrypt-pbkdf": {
              "version": "1.0.1",
              "bundled": true,
              "dev": true,
              "optional": true,
              "requires": {
                "tweetnacl": "0.14.5"
              }
            },
            "block-stream": {
              "version": "0.0.9",
              "bundled": true,
              "dev": true,
              "requires": {
                "inherits": "2.0.3"
              }
            },
            "boom": {
              "version": "2.10.1",
              "bundled": true,
              "dev": true,
              "requires": {
                "hoek": "2.16.3"
              }
            },
            "brace-expansion": {
              "version": "1.1.8",
              "bundled": true,
              "dev": true,
              "requires": {
                "balanced-match": "1.0.0",
                "concat-map": "0.0.1"
              }
            },
            "caseless": {
              "version": "0.12.0",
              "bundled": true,
              "dev": true
            },
            "co": {
              "version": "4.6.0",
              "bundled": true,
              "dev": true
            },
            "code-point-at": {
              "version": "1.1.0",
              "bundled": true,
              "dev": true
            },
            "combined-stream": {
              "version": "1.0.5",
              "bundled": true,
              "dev": true,
              "requires": {
                "delayed-stream": "1.0.0"
              }
            },
            "concat-map": {
              "version": "0.0.1",
              "bundled": true,
              "dev": true
            },
            "console-control-strings": {
              "version": "1.1.0",
              "bundled": true,
              "dev": true
            },
            "core-util-is": {
              "version": "1.0.2",
              "bundled": true,
              "dev": true
            },
            "cryptiles": {
              "version": "2.0.5",
              "bundled": true,
              "dev": true,
              "requires": {
                "boom": "2.10.1"
              }
            },
            "dashdash": {
              "version": "1.14.1",
              "bundled": true,
              "dev": true,
              "requires": {
                "assert-plus": "1.0.0"
              },
              "dependencies": {
                "assert-plus": {
                  "version": "1.0.0",
                  "bundled": true,
                  "dev": true
                }
              }
            },
            "debug": {
              "version": "2.6.9",
              "bundled": true,
              "dev": true,
              "requires": {
                "ms": "2.0.0"
              }
            },
            "deep-extend": {
              "version": "0.4.2",
              "bundled": true,
              "dev": true
            },
            "delayed-stream": {
              "version": "1.0.0",
              "bundled": true,
              "dev": true
            },
            "delegates": {
              "version": "1.0.0",
              "bundled": true,
              "dev": true
            },
            "ecc-jsbn": {
              "version": "0.1.1",
              "bundled": true,
              "dev": true,
              "optional": true,
              "requires": {
                "jsbn": "0.1.1"
              }
            },
            "extend": {
              "version": "3.0.1",
              "bundled": true,
              "dev": true
            },
            "extsprintf": {
              "version": "1.3.0",
              "bundled": true,
              "dev": true
            },
            "forever-agent": {
              "version": "0.6.1",
              "bundled": true,
              "dev": true
            },
            "form-data": {
              "version": "2.1.4",
              "bundled": true,
              "dev": true,
              "requires": {
                "asynckit": "0.4.0",
                "combined-stream": "1.0.5",
                "mime-types": "2.1.17"
              }
            },
            "fs.realpath": {
              "version": "1.0.0",
              "bundled": true,
              "dev": true
            },
            "fstream": {
              "version": "1.0.11",
              "bundled": true,
              "dev": true,
              "requires": {
                "graceful-fs": "4.1.11",
                "inherits": "2.0.3",
                "mkdirp": "0.5.1",
                "rimraf": "2.6.2"
              }
            },
            "fstream-ignore": {
              "version": "1.0.5",
              "bundled": true,
              "dev": true,
              "requires": {
                "fstream": "1.0.11",
                "inherits": "2.0.3",
                "minimatch": "3.0.4"
              }
            },
            "gauge": {
              "version": "2.7.4",
              "bundled": true,
              "dev": true,
              "requires": {
                "aproba": "1.2.0",
                "console-control-strings": "1.1.0",
                "has-unicode": "2.0.1",
                "object-assign": "4.1.1",
                "signal-exit": "3.0.2",
                "string-width": "1.0.2",
                "strip-ansi": "3.0.1",
                "wide-align": "1.1.2"
              }
            },
            "getpass": {
              "version": "0.1.7",
              "bundled": true,
              "dev": true,
              "requires": {
                "assert-plus": "1.0.0"
              },
              "dependencies": {
                "assert-plus": {
                  "version": "1.0.0",
                  "bundled": true,
                  "dev": true
                }
              }
            },
            "glob": {
              "version": "7.1.2",
              "bundled": true,
              "dev": true,
              "requires": {
                "fs.realpath": "1.0.0",
                "inflight": "1.0.6",
                "inherits": "2.0.3",
                "minimatch": "3.0.4",
                "once": "1.4.0",
                "path-is-absolute": "1.0.1"
              }
            },
            "graceful-fs": {
              "version": "4.1.11",
              "bundled": true,
              "dev": true
            },
            "har-schema": {
              "version": "1.0.5",
              "bundled": true,
              "dev": true
            },
            "har-validator": {
              "version": "4.2.1",
              "bundled": true,
              "dev": true,
              "requires": {
                "ajv": "4.11.8",
                "har-schema": "1.0.5"
              }
            },
            "has-unicode": {
              "version": "2.0.1",
              "bundled": true,
              "dev": true
            },
            "hawk": {
              "version": "3.1.3",
              "bundled": true,
              "dev": true,
              "requires": {
                "boom": "2.10.1",
                "cryptiles": "2.0.5",
                "hoek": "2.16.3",
                "sntp": "1.0.9"
              }
            },
            "hoek": {
              "version": "2.16.3",
              "bundled": true,
              "dev": true
            },
            "http-signature": {
              "version": "1.1.1",
              "bundled": true,
              "dev": true,
              "requires": {
                "assert-plus": "0.2.0",
                "jsprim": "1.4.1",
                "sshpk": "1.13.1"
              }
            },
            "inflight": {
              "version": "1.0.6",
              "bundled": true,
              "dev": true,
              "requires": {
                "once": "1.4.0",
                "wrappy": "1.0.2"
              }
            },
            "inherits": {
              "version": "2.0.3",
              "bundled": true,
              "dev": true
            },
            "ini": {
              "version": "1.3.4",
              "bundled": true,
              "dev": true
            },
            "is-fullwidth-code-point": {
              "version": "1.0.0",
              "bundled": true,
              "dev": true,
              "requires": {
                "number-is-nan": "1.0.1"
              }
            },
            "is-typedarray": {
              "version": "1.0.0",
              "bundled": true,
              "dev": true
            },
            "isarray": {
              "version": "1.0.0",
              "bundled": true,
              "dev": true
            },
            "isstream": {
              "version": "0.1.2",
              "bundled": true,
              "dev": true
            },
            "jsbn": {
              "version": "0.1.1",
              "bundled": true,
              "dev": true,
              "optional": true
            },
            "json-schema": {
              "version": "0.2.3",
              "bundled": true,
              "dev": true
            },
            "json-stable-stringify": {
              "version": "1.0.1",
              "bundled": true,
              "dev": true,
              "requires": {
                "jsonify": "0.0.0"
              }
            },
            "json-stringify-safe": {
              "version": "5.0.1",
              "bundled": true,
              "dev": true
            },
            "jsonify": {
              "version": "0.0.0",
              "bundled": true,
              "dev": true
            },
            "jsprim": {
              "version": "1.4.1",
              "bundled": true,
              "dev": true,
              "requires": {
                "assert-plus": "1.0.0",
                "extsprintf": "1.3.0",
                "json-schema": "0.2.3",
                "verror": "1.10.0"
              },
              "dependencies": {
                "assert-plus": {
                  "version": "1.0.0",
                  "bundled": true,
                  "dev": true
                }
              }
            },
            "mime-db": {
              "version": "1.30.0",
              "bundled": true,
              "dev": true
            },
            "mime-types": {
              "version": "2.1.17",
              "bundled": true,
              "dev": true,
              "requires": {
                "mime-db": "1.30.0"
              }
            },
            "minimatch": {
              "version": "3.0.4",
              "bundled": true,
              "dev": true,
              "requires": {
                "brace-expansion": "1.1.8"
              }
            },
            "minimist": {
              "version": "0.0.8",
              "bundled": true,
              "dev": true
            },
            "mkdirp": {
              "version": "0.5.1",
              "bundled": true,
              "dev": true,
              "requires": {
                "minimist": "0.0.8"
              }
            },
            "ms": {
              "version": "2.0.0",
              "bundled": true,
              "dev": true
            },
            "node-pre-gyp": {
              "version": "0.6.38",
              "bundled": true,
              "dev": true,
              "requires": {
                "hawk": "3.1.3",
                "mkdirp": "0.5.1",
                "nopt": "4.0.1",
                "npmlog": "4.1.2",
                "rc": "1.2.1",
                "request": "2.81.0",
                "rimraf": "2.6.2",
                "semver": "5.4.1",
                "tar": "2.2.1",
                "tar-pack": "3.4.0"
              }
            },
            "nopt": {
              "version": "4.0.1",
              "bundled": true,
              "dev": true,
              "requires": {
                "abbrev": "1.1.1",
                "osenv": "0.1.4"
              }
            },
            "npmlog": {
              "version": "4.1.2",
              "bundled": true,
              "dev": true,
              "requires": {
                "are-we-there-yet": "1.1.4",
                "console-control-strings": "1.1.0",
                "gauge": "2.7.4",
                "set-blocking": "2.0.0"
              }
            },
            "number-is-nan": {
              "version": "1.0.1",
              "bundled": true,
              "dev": true
            },
            "oauth-sign": {
              "version": "0.8.2",
              "bundled": true,
              "dev": true
            },
            "object-assign": {
              "version": "4.1.1",
              "bundled": true,
              "dev": true
            },
            "once": {
              "version": "1.4.0",
              "bundled": true,
              "dev": true,
              "requires": {
                "wrappy": "1.0.2"
              }
            },
            "os-homedir": {
              "version": "1.0.2",
              "bundled": true,
              "dev": true
            },
            "os-tmpdir": {
              "version": "1.0.2",
              "bundled": true,
              "dev": true
            },
            "osenv": {
              "version": "0.1.4",
              "bundled": true,
              "dev": true,
              "requires": {
                "os-homedir": "1.0.2",
                "os-tmpdir": "1.0.2"
              }
            },
            "path-is-absolute": {
              "version": "1.0.1",
              "bundled": true,
              "dev": true
            },
            "performance-now": {
              "version": "0.2.0",
              "bundled": true,
              "dev": true
            },
            "process-nextick-args": {
              "version": "1.0.7",
              "bundled": true,
              "dev": true
            },
            "punycode": {
              "version": "1.4.1",
              "bundled": true,
              "dev": true
            },
            "qs": {
              "version": "6.4.0",
              "bundled": true,
              "dev": true
            },
            "rc": {
              "version": "1.2.1",
              "bundled": true,
              "dev": true,
              "requires": {
                "deep-extend": "0.4.2",
                "ini": "1.3.4",
                "minimist": "1.2.0",
                "strip-json-comments": "2.0.1"
              },
              "dependencies": {
                "minimist": {
                  "version": "1.2.0",
                  "bundled": true,
                  "dev": true
                }
              }
            },
            "readable-stream": {
              "version": "2.3.3",
              "bundled": true,
              "dev": true,
              "requires": {
                "core-util-is": "1.0.2",
                "inherits": "2.0.3",
                "isarray": "1.0.0",
                "process-nextick-args": "1.0.7",
                "safe-buffer": "5.1.1",
                "string_decoder": "1.0.3",
                "util-deprecate": "1.0.2"
              }
            },
            "request": {
              "version": "2.81.0",
              "bundled": true,
              "dev": true,
              "requires": {
                "aws-sign2": "0.6.0",
                "aws4": "1.6.0",
                "caseless": "0.12.0",
                "combined-stream": "1.0.5",
                "extend": "3.0.1",
                "forever-agent": "0.6.1",
                "form-data": "2.1.4",
                "har-validator": "4.2.1",
                "hawk": "3.1.3",
                "http-signature": "1.1.1",
                "is-typedarray": "1.0.0",
                "isstream": "0.1.2",
                "json-stringify-safe": "5.0.1",
                "mime-types": "2.1.17",
                "oauth-sign": "0.8.2",
                "performance-now": "0.2.0",
                "qs": "6.4.0",
                "safe-buffer": "5.1.1",
                "stringstream": "0.0.5",
                "tough-cookie": "2.3.3",
                "tunnel-agent": "0.6.0",
                "uuid": "3.1.0"
              }
            },
            "rimraf": {
              "version": "2.6.2",
              "bundled": true,
              "dev": true,
              "requires": {
                "glob": "7.1.2"
              }
            },
            "safe-buffer": {
              "version": "5.1.1",
              "bundled": true,
              "dev": true
            },
            "semver": {
              "version": "5.4.1",
              "bundled": true,
              "dev": true
            },
            "set-blocking": {
              "version": "2.0.0",
              "bundled": true,
              "dev": true
            },
            "signal-exit": {
              "version": "3.0.2",
              "bundled": true,
              "dev": true
            },
            "sntp": {
              "version": "1.0.9",
              "bundled": true,
              "dev": true,
              "requires": {
                "hoek": "2.16.3"
              }
            },
            "sshpk": {
              "version": "1.13.1",
              "bundled": true,
              "dev": true,
              "requires": {
                "asn1": "0.2.3",
                "assert-plus": "1.0.0",
                "bcrypt-pbkdf": "1.0.1",
                "dashdash": "1.14.1",
                "ecc-jsbn": "0.1.1",
                "getpass": "0.1.7",
                "jsbn": "0.1.1",
                "tweetnacl": "0.14.5"
              },
              "dependencies": {
                "assert-plus": {
                  "version": "1.0.0",
                  "bundled": true,
                  "dev": true
                }
              }
            },
            "string-width": {
              "version": "1.0.2",
              "bundled": true,
              "dev": true,
              "requires": {
                "code-point-at": "1.1.0",
                "is-fullwidth-code-point": "1.0.0",
                "strip-ansi": "3.0.1"
              }
            },
            "string_decoder": {
              "version": "1.0.3",
              "bundled": true,
              "dev": true,
              "requires": {
                "safe-buffer": "5.1.1"
              }
            },
            "stringstream": {
              "version": "0.0.5",
              "bundled": true,
              "dev": true
            },
            "strip-ansi": {
              "version": "3.0.1",
              "bundled": true,
              "dev": true,
              "requires": {
                "ansi-regex": "2.1.1"
              }
            },
            "strip-json-comments": {
              "version": "2.0.1",
              "bundled": true,
              "dev": true
            },
            "tar": {
              "version": "2.2.1",
              "bundled": true,
              "dev": true,
              "requires": {
                "block-stream": "0.0.9",
                "fstream": "1.0.11",
                "inherits": "2.0.3"
              }
            },
            "tar-pack": {
              "version": "3.4.0",
              "bundled": true,
              "dev": true,
              "requires": {
                "debug": "2.6.9",
                "fstream": "1.0.11",
                "fstream-ignore": "1.0.5",
                "once": "1.4.0",
                "readable-stream": "2.3.3",
                "rimraf": "2.6.2",
                "tar": "2.2.1",
                "uid-number": "0.0.6"
              }
            },
            "tough-cookie": {
              "version": "2.3.3",
              "bundled": true,
              "dev": true,
              "requires": {
                "punycode": "1.4.1"
              }
            },
            "tunnel-agent": {
              "version": "0.6.0",
              "bundled": true,
              "dev": true,
              "requires": {
                "safe-buffer": "5.1.1"
              }
            },
            "tweetnacl": {
              "version": "0.14.5",
              "bundled": true,
              "dev": true,
              "optional": true
            },
            "uid-number": {
              "version": "0.0.6",
              "bundled": true,
              "dev": true
            },
            "util-deprecate": {
              "version": "1.0.2",
              "bundled": true,
              "dev": true
            },
            "uuid": {
              "version": "3.1.0",
              "bundled": true,
              "dev": true
            },
            "verror": {
              "version": "1.10.0",
              "bundled": true,
              "dev": true,
              "requires": {
                "assert-plus": "1.0.0",
                "core-util-is": "1.0.2",
                "extsprintf": "1.3.0"
              },
              "dependencies": {
                "assert-plus": {
                  "version": "1.0.0",
                  "bundled": true,
                  "dev": true
                }
              }
            },
            "wide-align": {
              "version": "1.1.2",
              "bundled": true,
              "dev": true,
              "requires": {
                "string-width": "1.0.2"
              }
            },
            "wrappy": {
              "version": "1.0.2",
              "bundled": true,
              "dev": true
            }
          }
        }
      }
    },
    "type-detect": {
      "version": "4.0.3",
      "resolved": "https://registry.npmjs.org/type-detect/-/type-detect-4.0.3.tgz",
      "integrity": "sha1-Dj8mcLRAmbC0bChNE2p+9Jx0wuo=",
      "dev": true
    },
    "uglify-js": {
      "version": "1.3.5",
      "resolved": "https://registry.npmjs.org/uglify-js/-/uglify-js-1.3.5.tgz",
      "integrity": "sha1-S1v/+Rhu/7qoiOTJ6UvZ/EyUkp0=",
      "dev": true
    },
    "ultron": {
      "version": "https://registry.npmjs.org/ultron/-/ultron-1.1.0.tgz",
      "integrity": "sha1-sHoualQagV/Go0zNRTO67DB8qGQ=",
      "dev": true
    },
    "uuid": {
      "version": "https://registry.npmjs.org/uuid/-/uuid-3.1.0.tgz",
      "integrity": "sha1-PdPT55Crwk17DToDT/q6vijrvAQ="
    },
    "uws": {
      "version": "https://registry.npmjs.org/uws/-/uws-0.14.5.tgz",
      "integrity": "sha1-Z6rzPEaypYel9mZtAPdpEyjxSdw=",
      "dev": true,
      "optional": true
    },
    "walker": {
      "version": "1.0.7",
      "resolved": "https://registry.npmjs.org/walker/-/walker-1.0.7.tgz",
      "integrity": "sha1-L3+bj9ENZ3JisYqITijRlhjgKPs=",
      "dev": true,
      "requires": {
        "makeerror": "1.0.11"
      }
    },
    "winston": {
      "version": "2.4.0",
      "resolved": "https://registry.npmjs.org/winston/-/winston-2.4.0.tgz",
      "integrity": "sha1-gIBQuT1SZh7Z+2wms/DIJnCLCu4=",
      "dev": true,
      "requires": {
        "async": "1.0.0",
        "colors": "1.0.3",
        "cycle": "1.0.3",
        "eyes": "0.1.8",
        "isstream": "0.1.2",
        "stack-trace": "0.0.10"
      },
      "dependencies": {
        "async": {
          "version": "1.0.0",
          "resolved": "https://registry.npmjs.org/async/-/async-1.0.0.tgz",
          "integrity": "sha1-+PwEyjoTeErenhZBr5hXjPvWR6k=",
          "dev": true
        }
      }
    },
    "wrench": {
      "version": "1.3.9",
      "resolved": "https://registry.npmjs.org/wrench/-/wrench-1.3.9.tgz",
      "integrity": "sha1-bxPsNRRTF+spLKX2UxORskQRFBE=",
      "dev": true
    },
    "ws": {
      "version": "https://registry.npmjs.org/ws/-/ws-2.3.1.tgz",
      "integrity": "sha1-a5Sz5EfLajY/eF6vlK9jWejoHIA=",
      "dev": true,
      "requires": {
        "safe-buffer": "https://registry.npmjs.org/safe-buffer/-/safe-buffer-5.0.1.tgz",
        "ultron": "https://registry.npmjs.org/ultron/-/ultron-1.1.0.tgz"
      }
    },
    "xmlhttprequest-ssl": {
      "version": "https://registry.npmjs.org/xmlhttprequest-ssl/-/xmlhttprequest-ssl-1.5.3.tgz",
      "integrity": "sha1-GFqIjATspGw+QHDZn3tJ3jUomS0=",
      "dev": true
    },
    "yeast": {
      "version": "https://registry.npmjs.org/yeast/-/yeast-0.1.2.tgz",
      "integrity": "sha1-AI4G2AlDIMNy28L47XagymyKxBk=",
      "dev": true
    }
  }
}
